
Microsoft Visual Studio Solution File, Format Version 12.00
# Visual Studio Version 17
VisualStudioVersion = 17.7.34031.279
MinimumVisualStudioVersion = 10.0.40219.1
Project("{FAE04EC0-301F-11D3-BF4B-00C04F79EFBC}") = "BarcodeApp", "BarcodeApp\BarcodeApp.csproj", "{FC240D37-3B45-4A0D-947A-1BA61258D1B1}"
EndProject
Global
	GlobalSection(SolutionConfigurationPlatforms) = preSolution
		Debug|Any CPU = Debug|Any CPU
		Release|Any CPU = Release|Any CPU
	EndGlobalSection
	GlobalSection(ProjectConfigurationPlatforms) = postSolution
		{FC240D37-3B45-4A0D-947A-1BA61258D1B1}.Debug|Any CPU.ActiveCfg = Debug|Any CPU
		{FC240D37-3B45-4A0D-947A-1BA61258D1B1}.Debug|Any CPU.Build.0 = Debug|Any CPU
		{FC240D37-3B45-4A0D-947A-1BA61258D1B1}.Release|Any CPU.ActiveCfg = Release|Any CPU
		{FC240D37-3B45-4A0D-947A-1BA61258D1B1}.Release|Any CPU.Build.0 = Release|Any CPU
	EndGlobalSection
	GlobalSection(SolutionProperties) = preSolution
		HideSolutionNode = FALSE
	EndGlobalSection
	GlobalSection(ExtensibilityGlobals) = postSolution
		SolutionGuid = {5CC08EE2-8887-41E9-9B02-3B5568E336E8}
	EndGlobalSection
EndGlobal
